
Microsoft Visual Studio Solution File, Format Version 12.00
# Visual Studio Version 17
VisualStudioVersion = 17.10.35201.131
MinimumVisualStudioVersion = 10.0.40219.1
Project("{FAE04EC0-301F-11D3-BF4B-00C04F79EFBC}") = "RecuressiveFunctions", "RecuressiveFunctions\RecuressiveFunctions.csproj", "{DDD64D8A-C4AF-4692-ADDC-B1509E1BB780}"
EndProject
Global
	GlobalSection(SolutionConfigurationPlatforms) = preSolution
		Debug|Any CPU = Debug|Any CPU
		Release|Any CPU = Release|Any CPU
	EndGlobalSection
	GlobalSection(ProjectConfigurationPlatforms) = postSolution
		{DDD64D8A-C4AF-4692-ADDC-B1509E1BB780}.Debug|Any CPU.ActiveCfg = Debug|Any CPU
		{DDD64D8A-C4AF-4692-ADDC-B1509E1BB780}.Debug|Any CPU.Build.0 = Debug|Any CPU
		{DDD64D8A-C4AF-4692-ADDC-B1509E1BB780}.Release|Any CPU.ActiveCfg = Release|Any CPU
		{DDD64D8A-C4AF-4692-ADDC-B1509E1BB780}.Release|Any CPU.Build.0 = Release|Any CPU
	EndGlobalSection
	GlobalSection(SolutionProperties) = preSolution
		HideSolutionNode = FALSE
	EndGlobalSection
	GlobalSection(ExtensibilityGlobals) = postSolution
		SolutionGuid = {D206C065-EAFC-4026-9DFE-EFEA610EED7F}
	EndGlobalSection
EndGlobal
