
Microsoft Visual Studio Solution File, Format Version 12.00
# Visual Studio Version 17
VisualStudioVersion = 17.10.35201.131
MinimumVisualStudioVersion = 10.0.40219.1
Project("{FAE04EC0-301F-11D3-BF4B-00C04F79EFBC}") = "ExtentionMethodAndLinq", "ExtentionMethodAndLinq\ExtentionMethodAndLinq.csproj", "{59FF0309-6D84-49C5-A7A5-36F56CBE8D03}"
EndProject
Global
	GlobalSection(SolutionConfigurationPlatforms) = preSolution
		Debug|Any CPU = Debug|Any CPU
		Release|Any CPU = Release|Any CPU
	EndGlobalSection
	GlobalSection(ProjectConfigurationPlatforms) = postSolution
		{59FF0309-6D84-49C5-A7A5-36F56CBE8D03}.Debug|Any CPU.ActiveCfg = Debug|Any CPU
		{59FF0309-6D84-49C5-A7A5-36F56CBE8D03}.Debug|Any CPU.Build.0 = Debug|Any CPU
		{59FF0309-6D84-49C5-A7A5-36F56CBE8D03}.Release|Any CPU.ActiveCfg = Release|Any CPU
		{59FF0309-6D84-49C5-A7A5-36F56CBE8D03}.Release|Any CPU.Build.0 = Release|Any CPU
	EndGlobalSection
	GlobalSection(SolutionProperties) = preSolution
		HideSolutionNode = FALSE
	EndGlobalSection
	GlobalSection(ExtensibilityGlobals) = postSolution
		SolutionGuid = {04CC8FF8-D7C1-4EFA-BF37-51D1C68F7B82}
	EndGlobalSection
EndGlobal
