
Microsoft Visual Studio Solution File, Format Version 12.00
# Visual Studio Version 17
VisualStudioVersion = 17.10.35201.131
MinimumVisualStudioVersion = 10.0.40219.1
Project("{FAE04EC0-301F-11D3-BF4B-00C04F79EFBC}") = "RectangleArrayApp", "RectangleArrayApp\RectangleArrayApp.csproj", "{F5B6259A-6212-4527-90F9-079083F5E69F}"
EndProject
Global
	GlobalSection(SolutionConfigurationPlatforms) = preSolution
		Debug|Any CPU = Debug|Any CPU
		Release|Any CPU = Release|Any CPU
	EndGlobalSection
	GlobalSection(ProjectConfigurationPlatforms) = postSolution
		{F5B6259A-6212-4527-90F9-079083F5E69F}.Debug|Any CPU.ActiveCfg = Debug|Any CPU
		{F5B6259A-6212-4527-90F9-079083F5E69F}.Debug|Any CPU.Build.0 = Debug|Any CPU
		{F5B6259A-6212-4527-90F9-079083F5E69F}.Release|Any CPU.ActiveCfg = Release|Any CPU
		{F5B6259A-6212-4527-90F9-079083F5E69F}.Release|Any CPU.Build.0 = Release|Any CPU
	EndGlobalSection
	GlobalSection(SolutionProperties) = preSolution
		HideSolutionNode = FALSE
	EndGlobalSection
	GlobalSection(ExtensibilityGlobals) = postSolution
		SolutionGuid = {35666525-25BA-4C0C-90DD-84F96B663D7D}
	EndGlobalSection
EndGlobal
