
Microsoft Visual Studio Solution File, Format Version 12.00
# Visual Studio Version 17
VisualStudioVersion = 17.10.35201.131
MinimumVisualStudioVersion = 10.0.40219.1
Project("{9A19103F-16F7-4668-BE54-9A1E7A4F7556}") = "TodoCommmonLib", "TodoCommmonLib\TodoCommmonLib.csproj", "{DD98734E-4B07-4F7F-AD29-C1EDACAFA68E}"
EndProject
Project("{FAE04EC0-301F-11D3-BF4B-00C04F79EFBC}") = "ToDoV2", "ToDoV2\ToDoV2.csproj", "{5AA14E74-3AB0-45C2-9493-781AE454A547}"
EndProject
Global
	GlobalSection(SolutionConfigurationPlatforms) = preSolution
		Debug|Any CPU = Debug|Any CPU
		Release|Any CPU = Release|Any CPU
	EndGlobalSection
	GlobalSection(ProjectConfigurationPlatforms) = postSolution
		{DD98734E-4B07-4F7F-AD29-C1EDACAFA68E}.Debug|Any CPU.ActiveCfg = Debug|Any CPU
		{DD98734E-4B07-4F7F-AD29-C1EDACAFA68E}.Debug|Any CPU.Build.0 = Debug|Any CPU
		{DD98734E-4B07-4F7F-AD29-C1EDACAFA68E}.Release|Any CPU.ActiveCfg = Release|Any CPU
		{DD98734E-4B07-4F7F-AD29-C1EDACAFA68E}.Release|Any CPU.Build.0 = Release|Any CPU
		{5AA14E74-3AB0-45C2-9493-781AE454A547}.Debug|Any CPU.ActiveCfg = Debug|Any CPU
		{5AA14E74-3AB0-45C2-9493-781AE454A547}.Debug|Any CPU.Build.0 = Debug|Any CPU
		{5AA14E74-3AB0-45C2-9493-781AE454A547}.Release|Any CPU.ActiveCfg = Release|Any CPU
		{5AA14E74-3AB0-45C2-9493-781AE454A547}.Release|Any CPU.Build.0 = Release|Any CPU
	EndGlobalSection
	GlobalSection(SolutionProperties) = preSolution
		HideSolutionNode = FALSE
	EndGlobalSection
	GlobalSection(ExtensibilityGlobals) = postSolution
		SolutionGuid = {F61F91E8-E2E3-4A74-AF44-BF859DE9FBB1}
	EndGlobalSection
EndGlobal
