
Microsoft Visual Studio Solution File, Format Version 12.00
# Visual Studio Version 17
VisualStudioVersion = 17.10.35201.131
MinimumVisualStudioVersion = 10.0.40219.1
Project("{FAE04EC0-301F-11D3-BF4B-00C04F79EFBC}") = "ManBoyInheritanceApp", "ManBoyInheritanceApp\ManBoyInheritanceApp.csproj", "{9E4F9757-4329-4C05-B796-176E9B555AEB}"
EndProject
Global
	GlobalSection(SolutionConfigurationPlatforms) = preSolution
		Debug|Any CPU = Debug|Any CPU
		Release|Any CPU = Release|Any CPU
	EndGlobalSection
	GlobalSection(ProjectConfigurationPlatforms) = postSolution
		{9E4F9757-4329-4C05-B796-176E9B555AEB}.Debug|Any CPU.ActiveCfg = Debug|Any CPU
		{9E4F9757-4329-4C05-B796-176E9B555AEB}.Debug|Any CPU.Build.0 = Debug|Any CPU
		{9E4F9757-4329-4C05-B796-176E9B555AEB}.Release|Any CPU.ActiveCfg = Release|Any CPU
		{9E4F9757-4329-4C05-B796-176E9B555AEB}.Release|Any CPU.Build.0 = Release|Any CPU
	EndGlobalSection
	GlobalSection(SolutionProperties) = preSolution
		HideSolutionNode = FALSE
	EndGlobalSection
	GlobalSection(ExtensibilityGlobals) = postSolution
		SolutionGuid = {09C083B7-60AC-4567-9A8B-1D520E514A38}
	EndGlobalSection
EndGlobal
