
Microsoft Visual Studio Solution File, Format Version 12.00
# Visual Studio Version 17
VisualStudioVersion = 17.10.35201.131
MinimumVisualStudioVersion = 10.0.40219.1
Project("{FAE04EC0-301F-11D3-BF4B-00C04F79EFBC}") = "ProductDatabaseConnectionApp", "ProductDatabaseConnectionApp\ProductDatabaseConnectionApp.csproj", "{B66468B7-1AFA-4CD0-86A7-2C9C2EEC5AE0}"
EndProject
Global
	GlobalSection(SolutionConfigurationPlatforms) = preSolution
		Debug|Any CPU = Debug|Any CPU
		Release|Any CPU = Release|Any CPU
	EndGlobalSection
	GlobalSection(ProjectConfigurationPlatforms) = postSolution
		{B66468B7-1AFA-4CD0-86A7-2C9C2EEC5AE0}.Debug|Any CPU.ActiveCfg = Debug|Any CPU
		{B66468B7-1AFA-4CD0-86A7-2C9C2EEC5AE0}.Debug|Any CPU.Build.0 = Debug|Any CPU
		{B66468B7-1AFA-4CD0-86A7-2C9C2EEC5AE0}.Release|Any CPU.ActiveCfg = Release|Any CPU
		{B66468B7-1AFA-4CD0-86A7-2C9C2EEC5AE0}.Release|Any CPU.Build.0 = Release|Any CPU
	EndGlobalSection
	GlobalSection(SolutionProperties) = preSolution
		HideSolutionNode = FALSE
	EndGlobalSection
	GlobalSection(ExtensibilityGlobals) = postSolution
		SolutionGuid = {039F9092-6792-48EF-B15A-F7A4176ED17D}
	EndGlobalSection
EndGlobal
